# THIS IS AN AUTOGENERATED FILE. DO NOT EDIT THIS FILE DIRECTLY.
# yarn lockfile v1


jquery@~3:
  version "3.5.1"
  resolved "https://registry.yarnpkg.com/jquery/-/jquery-3.5.1.tgz#d7b4d08e1bfdb86ad2f1a3d039ea17304717abb5"
  integrity sha512-XwIBPqcMn57FxfT+Go5pzySnm4KWkT1Tv7gjrpT1srtf8Weynl6R273VJ5GjkRb51IzMp5nbaPjJXMWeju2MKg==

leaflet.markercluster@~1:
  version "1.4.1"
  resolved "https://registry.yarnpkg.com/leaflet.markercluster/-/leaflet.markercluster-1.4.1.tgz#b53f2c4f2ca7306ddab1dbb6f1861d5e8aa6c5e5"
  integrity sha512-ZSEpE/EFApR0bJ1w/dUGwTSUvWlpalKqIzkaYdYB7jaftQA/Y2Jav+eT4CMtEYFj+ZK4mswP13Q2acnPBnhGOw==

leaflet@~1:
  version "1.6.0"
  resolved "https://registry.yarnpkg.com/leaflet/-/leaflet-1.6.0.tgz#aecbb044b949ec29469eeb31c77a88e2f448f308"
  integrity sha512-CPkhyqWUKZKFJ6K8umN5/D2wrJ2+/8UIpXppY7QDnUZW5bZL5+SEI2J7GBpwh4LIupOKqbNSQXgqmrEJopHVNQ==

underscore@~1.12:
  version "1.12.1"
  resolved "https://registry.yarnpkg.com/underscore/-/underscore-1.12.1.tgz#7bb8cc9b3d397e201cf8553336d262544ead829e"
  integrity sha512-hEQt0+ZLDVUMhebKxL4x1BTtDY7bavVofhZ9KZ4aI26X9SRaE+Y3m83XUL1UP2jn8ynjndwCCpEHdUG+9pP1Tw==
